
Microsoft Visual Studio Solution File, Format Version 12.00
# Visual Studio Version 17
VisualStudioVersion = 17.9.34622.214
MinimumVisualStudioVersion = 10.0.40219.1
Project("{FAE04EC0-301F-11D3-BF4B-00C04F79EFBC}") = "CTFServerSide", "CTFServerSide\CTFServerSide.csproj", "{4D9A0AFC-1BA1-4029-93C0-FCC3118FEC6B}"
EndProject
Global
	GlobalSection(SolutionConfigurationPlatforms) = preSolution
		Debug|Any CPU = Debug|Any CPU
		Release|Any CPU = Release|Any CPU
	EndGlobalSection
	GlobalSection(ProjectConfigurationPlatforms) = postSolution
		{4D9A0AFC-1BA1-4029-93C0-FCC3118FEC6B}.Debug|Any CPU.ActiveCfg = Debug|Any CPU
		{4D9A0AFC-1BA1-4029-93C0-FCC3118FEC6B}.Debug|Any CPU.Build.0 = Debug|Any CPU
		{4D9A0AFC-1BA1-4029-93C0-FCC3118FEC6B}.Release|Any CPU.ActiveCfg = Release|Any CPU
		{4D9A0AFC-1BA1-4029-93C0-FCC3118FEC6B}.Release|Any CPU.Build.0 = Release|Any CPU
	EndGlobalSection
	GlobalSection(SolutionProperties) = preSolution
		HideSolutionNode = FALSE
	EndGlobalSection
	GlobalSection(ExtensibilityGlobals) = postSolution
		SolutionGuid = {EF65D84E-6CAF-4E11-B18A-7A3B4FFFE7BD}
	EndGlobalSection
EndGlobal
